
Microsoft Visual Studio Solution File, Format Version 12.00
# Visual Studio Version 17
VisualStudioVersion = 17.8.34511.84
MinimumVisualStudioVersion = 10.0.40219.1
Project("{FAE04EC0-301F-11D3-BF4B-00C04F79EFBC}") = "Banco", "Banco\Banco.csproj", "{8CD324D6-6360-4031-85AE-7F32387A3E56}"
EndProject
Global
	GlobalSection(SolutionConfigurationPlatforms) = preSolution
		Debug|Any CPU = Debug|Any CPU
		Release|Any CPU = Release|Any CPU
	EndGlobalSection
	GlobalSection(ProjectConfigurationPlatforms) = postSolution
		{8CD324D6-6360-4031-85AE-7F32387A3E56}.Debug|Any CPU.ActiveCfg = Debug|Any CPU
		{8CD324D6-6360-4031-85AE-7F32387A3E56}.Debug|Any CPU.Build.0 = Debug|Any CPU
		{8CD324D6-6360-4031-85AE-7F32387A3E56}.Release|Any CPU.ActiveCfg = Release|Any CPU
		{8CD324D6-6360-4031-85AE-7F32387A3E56}.Release|Any CPU.Build.0 = Release|Any CPU
	EndGlobalSection
	GlobalSection(SolutionProperties) = preSolution
		HideSolutionNode = FALSE
	EndGlobalSection
	GlobalSection(ExtensibilityGlobals) = postSolution
		SolutionGuid = {FF385322-9326-4DBF-9D87-A017BA99925A}
	EndGlobalSection
EndGlobal
